
Microsoft Visual Studio Solution File, Format Version 12.00
# Visual Studio 15
VisualStudioVersion = 15.0.27130.2026
MinimumVisualStudioVersion = 10.0.40219.1
Project("{FAE04EC0-301F-11D3-BF4B-00C04F79EFBC}") = "SpiceRack.NetFramework.Example", "SpiceRack.NetFramework.Example\SpiceRack.NetFramework.Example.csproj", "{5E56553A-4592-40F4-B34C-7DCBD8D5AAAE}"
EndProject
Global
	GlobalSection(SolutionConfigurationPlatforms) = preSolution
		Debug|Any CPU = Debug|Any CPU
		Release|Any CPU = Release|Any CPU
	EndGlobalSection
	GlobalSection(ProjectConfigurationPlatforms) = postSolution
		{5E56553A-4592-40F4-B34C-7DCBD8D5AAAE}.Debug|Any CPU.ActiveCfg = Debug|Any CPU
		{5E56553A-4592-40F4-B34C-7DCBD8D5AAAE}.Debug|Any CPU.Build.0 = Debug|Any CPU
		{5E56553A-4592-40F4-B34C-7DCBD8D5AAAE}.Release|Any CPU.ActiveCfg = Release|Any CPU
		{5E56553A-4592-40F4-B34C-7DCBD8D5AAAE}.Release|Any CPU.Build.0 = Release|Any CPU
	EndGlobalSection
	GlobalSection(SolutionProperties) = preSolution
		HideSolutionNode = FALSE
	EndGlobalSection
	GlobalSection(ExtensibilityGlobals) = postSolution
		SolutionGuid = {54720B6E-7A47-454B-8A30-73731BDF2D70}
	EndGlobalSection
EndGlobal
